
Microsoft Visual Studio Solution File, Format Version 12.00
# Visual Studio 15
VisualStudioVersion = 15.0.28307.645
MinimumVisualStudioVersion = 10.0.40219.1
Project("{FAE04EC0-301F-11D3-BF4B-00C04F79EFBC}") = "Sales.Android", "Sales\Sales.Android\Sales.Android.csproj", "{7BDB56EB-D288-4533-9028-EE012FCF4483}"
EndProject
Project("{FAE04EC0-301F-11D3-BF4B-00C04F79EFBC}") = "Sales.iOS", "Sales\Sales.iOS\Sales.iOS.csproj", "{41734EDE-0F3D-4FBB-9CB7-F724E541447E}"
EndProject
Project("{FAE04EC0-301F-11D3-BF4B-00C04F79EFBC}") = "Sales.UWP", "Sales\Sales.UWP\Sales.UWP.csproj", "{C78E8797-81A6-40C9-9FE7-ED444A7D12F8}"
EndProject
Project("{FAE04EC0-301F-11D3-BF4B-00C04F79EFBC}") = "Sales", "Sales\Sales\Sales.csproj", "{26911AA1-B0F7-4C10-AB81-5634AEFA1E4C}"
EndProject
Project("{FAE04EC0-301F-11D3-BF4B-00C04F79EFBC}") = "Sales.Backend", "Sales.Backend\Sales.Backend.csproj", "{38F93916-B46C-4113-8A22-392E316F9B30}"
EndProject
Project("{FAE04EC0-301F-11D3-BF4B-00C04F79EFBC}") = "Sales.API", "Sales.API\Sales.API.csproj", "{418585D7-A15D-4CA8-BE26-E42AE395C112}"
EndProject
Project("{FAE04EC0-301F-11D3-BF4B-00C04F79EFBC}") = "Sales.Domain", "Sales.Domain\Sales.Domain.csproj", "{24498E93-E3AC-4918-87AD-677DD2BE3026}"
EndProject
Project("{FAE04EC0-301F-11D3-BF4B-00C04F79EFBC}") = "Sales.Common", "Sales.Common\Sales.Common.csproj", "{AF83D910-1D05-4F48-9E43-DBE4EA966B26}"
EndProject
Global
	GlobalSection(SolutionConfigurationPlatforms) = preSolution
		Ad-Hoc|Any CPU = Ad-Hoc|Any CPU
		Ad-Hoc|ARM = Ad-Hoc|ARM
		Ad-Hoc|iPhone = Ad-Hoc|iPhone
		Ad-Hoc|iPhoneSimulator = Ad-Hoc|iPhoneSimulator
		Ad-Hoc|x64 = Ad-Hoc|x64
		Ad-Hoc|x86 = Ad-Hoc|x86
		AppStore|Any CPU = AppStore|Any CPU
		AppStore|ARM = AppStore|ARM
		AppStore|iPhone = AppStore|iPhone
		AppStore|iPhoneSimulator = AppStore|iPhoneSimulator
		AppStore|x64 = AppStore|x64
		AppStore|x86 = AppStore|x86
		Debug|Any CPU = Debug|Any CPU
		Debug|ARM = Debug|ARM
		Debug|iPhone = Debug|iPhone
		Debug|iPhoneSimulator = Debug|iPhoneSimulator
		Debug|x64 = Debug|x64
		Debug|x86 = Debug|x86
		Release|Any CPU = Release|Any CPU
		Release|ARM = Release|ARM
		Release|iPhone = Release|iPhone
		Release|iPhoneSimulator = Release|iPhoneSimulator
		Release|x64 = Release|x64
		Release|x86 = Release|x86
	EndGlobalSection
	GlobalSection(ProjectConfigurationPlatforms) = postSolution
		{7BDB56EB-D288-4533-9028-EE012FCF4483}.Ad-Hoc|Any CPU.ActiveCfg = Release|Any CPU
		{7BDB56EB-D288-4533-9028-EE012FCF4483}.Ad-Hoc|Any CPU.Build.0 = Release|Any CPU
		{7BDB56EB-D288-4533-9028-EE012FCF4483}.Ad-Hoc|Any CPU.Deploy.0 = Release|Any CPU
		{7BDB56EB-D288-4533-9028-EE012FCF4483}.Ad-Hoc|ARM.ActiveCfg = Release|Any CPU
		{7BDB56EB-D288-4533-9028-EE012FCF4483}.Ad-Hoc|ARM.Build.0 = Release|Any CPU
		{7BDB56EB-D288-4533-9028-EE012FCF4483}.Ad-Hoc|ARM.Deploy.0 = Release|Any CPU
		{7BDB56EB-D288-4533-9028-EE012FCF4483}.Ad-Hoc|iPhone.ActiveCfg = Release|Any CPU
		{7BDB56EB-D288-4533-9028-EE012FCF4483}.Ad-Hoc|iPhone.Build.0 = Release|Any CPU
		{7BDB56EB-D288-4533-9028-EE012FCF4483}.Ad-Hoc|iPhone.Deploy.0 = Release|Any CPU
		{7BDB56EB-D288-4533-9028-EE012FCF4483}.Ad-Hoc|iPhoneSimulator.ActiveCfg = Release|Any CPU
		{7BDB56EB-D288-4533-9028-EE012FCF4483}.Ad-Hoc|iPhoneSimulator.Build.0 = Release|Any CPU
		{7BDB56EB-D288-4533-9028-EE012FCF4483}.Ad-Hoc|iPhoneSimulator.Deploy.0 = Release|Any CPU
		{7BDB56EB-D288-4533-9028-EE012FCF4483}.Ad-Hoc|x64.ActiveCfg = Release|Any CPU
		{7BDB56EB-D288-4533-9028-EE012FCF4483}.Ad-Hoc|x64.Build.0 = Release|Any CPU
		{7BDB56EB-D288-4533-9028-EE012FCF4483}.Ad-Hoc|x64.Deploy.0 = Release|Any CPU
		{7BDB56EB-D288-4533-9028-EE012FCF4483}.Ad-Hoc|x86.ActiveCfg = Release|Any CPU
		{7BDB56EB-D288-4533-9028-EE012FCF4483}.Ad-Hoc|x86.Build.0 = Release|Any CPU
		{7BDB56EB-D288-4533-9028-EE012FCF4483}.Ad-Hoc|x86.Deploy.0 = Release|Any CPU
		{7BDB56EB-D288-4533-9028-EE012FCF4483}.AppStore|Any CPU.ActiveCfg = Release|Any CPU
		{7BDB56EB-D288-4533-9028-EE012FCF4483}.AppStore|Any CPU.Build.0 = Release|Any CPU
		{7BDB56EB-D288-4533-9028-EE012FCF4483}.AppStore|Any CPU.Deploy.0 = Release|Any CPU
		{7BDB56EB-D288-4533-9028-EE012FCF4483}.AppStore|ARM.ActiveCfg = Release|Any CPU
		{7BDB56EB-D288-4533-9028-EE012FCF4483}.AppStore|ARM.Build.0 = Release|Any CPU
		{7BDB56EB-D288-4533-9028-EE012FCF4483}.AppStore|ARM.Deploy.0 = Release|Any CPU
		{7BDB56EB-D288-4533-9028-EE012FCF4483}.AppStore|iPhone.ActiveCfg = Release|Any CPU
		{7BDB56EB-D288-4533-9028-EE012FCF4483}.AppStore|iPhone.Build.0 = Release|Any CPU
		{7BDB56EB-D288-4533-9028-EE012FCF4483}.AppStore|iPhone.Deploy.0 = Release|Any CPU
		{7BDB56EB-D288-4533-9028-EE012FCF4483}.AppStore|iPhoneSimulator.ActiveCfg = Release|Any CPU
		{7BDB56EB-D288-4533-9028-EE012FCF4483}.AppStore|iPhoneSimulator.Build.0 = Release|Any CPU
		{7BDB56EB-D288-4533-9028-EE012FCF4483}.AppStore|iPhoneSimulator.Deploy.0 = Release|Any CPU
		{7BDB56EB-D288-4533-9028-EE012FCF4483}.AppStore|x64.ActiveCfg = Release|Any CPU
		{7BDB56EB-D288-4533-9028-EE012FCF4483}.AppStore|x64.Build.0 = Release|Any CPU
		{7BDB56EB-D288-4533-9028-EE012FCF4483}.AppStore|x64.Deploy.0 = Release|Any CPU
		{7BDB56EB-D288-4533-9028-EE012FCF4483}.AppStore|x86.ActiveCfg = Release|Any CPU
		{7BDB56EB-D288-4533-9028-EE012FCF4483}.AppStore|x86.Build.0 = Release|Any CPU
		{7BDB56EB-D288-4533-9028-EE012FCF4483}.AppStore|x86.Deploy.0 = Release|Any CPU
		{7BDB56EB-D288-4533-9028-EE012FCF4483}.Debug|Any CPU.ActiveCfg = Debug|Any CPU
		{7BDB56EB-D288-4533-9028-EE012FCF4483}.Debug|Any CPU.Build.0 = Debug|Any CPU
		{7BDB56EB-D288-4533-9028-EE012FCF4483}.Debug|Any CPU.Deploy.0 = Debug|Any CPU
		{7BDB56EB-D288-4533-9028-EE012FCF4483}.Debug|ARM.ActiveCfg = Debug|Any CPU
		{7BDB56EB-D288-4533-9028-EE012FCF4483}.Debug|ARM.Build.0 = Debug|Any CPU
		{7BDB56EB-D288-4533-9028-EE012FCF4483}.Debug|ARM.Deploy.0 = Debug|Any CPU
		{7BDB56EB-D288-4533-9028-EE012FCF4483}.Debug|iPhone.ActiveCfg = Debug|Any CPU
		{7BDB56EB-D288-4533-9028-EE012FCF4483}.Debug|iPhone.Build.0 = Debug|Any CPU
		{7BDB56EB-D288-4533-9028-EE012FCF4483}.Debug|iPhone.Deploy.0 = Debug|Any CPU
		{7BDB56EB-D288-4533-9028-EE012FCF4483}.Debug|iPhoneSimulator.ActiveCfg = Debug|Any CPU
		{7BDB56EB-D288-4533-9028-EE012FCF4483}.Debug|iPhoneSimulator.Build.0 = Debug|Any CPU
		{7BDB56EB-D288-4533-9028-EE012FCF4483}.Debug|iPhoneSimulator.Deploy.0 = Debug|Any CPU
		{7BDB56EB-D288-4533-9028-EE012FCF4483}.Debug|x64.ActiveCfg = Debug|Any CPU
		{7BDB56EB-D288-4533-9028-EE012FCF4483}.Debug|x64.Build.0 = Debug|Any CPU
		{7BDB56EB-D288-4533-9028-EE012FCF4483}.Debug|x64.Deploy.0 = Debug|Any CPU
		{7BDB56EB-D288-4533-9028-EE012FCF4483}.Debug|x86.ActiveCfg = Debug|Any CPU
		{7BDB56EB-D288-4533-9028-EE012FCF4483}.Debug|x86.Build.0 = Debug|Any CPU
		{7BDB56EB-D288-4533-9028-EE012FCF4483}.Debug|x86.Deploy.0 = Debug|Any CPU
		{7BDB56EB-D288-4533-9028-EE012FCF4483}.Release|Any CPU.ActiveCfg = Release|Any CPU
		{7BDB56EB-D288-4533-9028-EE012FCF4483}.Release|Any CPU.Build.0 = Release|Any CPU
		{7BDB56EB-D288-4533-9028-EE012FCF4483}.Release|Any CPU.Deploy.0 = Release|Any CPU
		{7BDB56EB-D288-4533-9028-EE012FCF4483}.Release|ARM.ActiveCfg = Release|Any CPU
		{7BDB56EB-D288-4533-9028-EE012FCF4483}.Release|ARM.Build.0 = Release|Any CPU
		{7BDB56EB-D288-4533-9028-EE012FCF4483}.Release|ARM.Deploy.0 = Release|Any CPU
		{7BDB56EB-D288-4533-9028-EE012FCF4483}.Release|iPhone.ActiveCfg = Release|Any CPU
		{7BDB56EB-D288-4533-9028-EE012FCF4483}.Release|iPhone.Build.0 = Release|Any CPU
		{7BDB56EB-D288-4533-9028-EE012FCF4483}.Release|iPhone.Deploy.0 = Release|Any CPU
		{7BDB56EB-D288-4533-9028-EE012FCF4483}.Release|iPhoneSimulator.ActiveCfg = Release|Any CPU
		{7BDB56EB-D288-4533-9028-EE012FCF4483}.Release|iPhoneSimulator.Build.0 = Release|Any CPU
		{7BDB56EB-D288-4533-9028-EE012FCF4483}.Release|iPhoneSimulator.Deploy.0 = Release|Any CPU
		{7BDB56EB-D288-4533-9028-EE012FCF4483}.Release|x64.ActiveCfg = Release|Any CPU
		{7BDB56EB-D288-4533-9028-EE012FCF4483}.Release|x64.Build.0 = Release|Any CPU
		{7BDB56EB-D288-4533-9028-EE012FCF4483}.Release|x64.Deploy.0 = Release|Any CPU
		{7BDB56EB-D288-4533-9028-EE012FCF4483}.Release|x86.ActiveCfg = Release|Any CPU
		{7BDB56EB-D288-4533-9028-EE012FCF4483}.Release|x86.Build.0 = Release|Any CPU
		{7BDB56EB-D288-4533-9028-EE012FCF4483}.Release|x86.Deploy.0 = Release|Any CPU
		{41734EDE-0F3D-4FBB-9CB7-F724E541447E}.Ad-Hoc|Any CPU.ActiveCfg = Ad-Hoc|iPhone
		{41734EDE-0F3D-4FBB-9CB7-F724E541447E}.Ad-Hoc|Any CPU.Build.0 = Ad-Hoc|iPhone
		{41734EDE-0F3D-4FBB-9CB7-F724E541447E}.Ad-Hoc|Any CPU.Deploy.0 = Ad-Hoc|iPhone
		{41734EDE-0F3D-4FBB-9CB7-F724E541447E}.Ad-Hoc|ARM.ActiveCfg = Ad-Hoc|iPhone
		{41734EDE-0F3D-4FBB-9CB7-F724E541447E}.Ad-Hoc|ARM.Build.0 = Ad-Hoc|iPhone
		{41734EDE-0F3D-4FBB-9CB7-F724E541447E}.Ad-Hoc|ARM.Deploy.0 = Ad-Hoc|iPhone
		{41734EDE-0F3D-4FBB-9CB7-F724E541447E}.Ad-Hoc|iPhone.ActiveCfg = Ad-Hoc|iPhone
		{41734EDE-0F3D-4FBB-9CB7-F724E541447E}.Ad-Hoc|iPhone.Build.0 = Ad-Hoc|iPhone
		{41734EDE-0F3D-4FBB-9CB7-F724E541447E}.Ad-Hoc|iPhone.Deploy.0 = Ad-Hoc|iPhone
		{41734EDE-0F3D-4FBB-9CB7-F724E541447E}.Ad-Hoc|iPhoneSimulator.ActiveCfg = Ad-Hoc|iPhoneSimulator
		{41734EDE-0F3D-4FBB-9CB7-F724E541447E}.Ad-Hoc|iPhoneSimulator.Build.0 = Ad-Hoc|iPhoneSimulator
		{41734EDE-0F3D-4FBB-9CB7-F724E541447E}.Ad-Hoc|iPhoneSimulator.Deploy.0 = Ad-Hoc|iPhoneSimulator
		{41734EDE-0F3D-4FBB-9CB7-F724E541447E}.Ad-Hoc|x64.ActiveCfg = Ad-Hoc|iPhone
		{41734EDE-0F3D-4FBB-9CB7-F724E541447E}.Ad-Hoc|x64.Build.0 = Ad-Hoc|iPhone
		{41734EDE-0F3D-4FBB-9CB7-F724E541447E}.Ad-Hoc|x64.Deploy.0 = Ad-Hoc|iPhone
		{41734EDE-0F3D-4FBB-9CB7-F724E541447E}.Ad-Hoc|x86.ActiveCfg = Ad-Hoc|iPhone
		{41734EDE-0F3D-4FBB-9CB7-F724E541447E}.Ad-Hoc|x86.Build.0 = Ad-Hoc|iPhone
		{41734EDE-0F3D-4FBB-9CB7-F724E541447E}.Ad-Hoc|x86.Deploy.0 = Ad-Hoc|iPhone
		{41734EDE-0F3D-4FBB-9CB7-F724E541447E}.AppStore|Any CPU.ActiveCfg = AppStore|iPhone
		{41734EDE-0F3D-4FBB-9CB7-F724E541447E}.AppStore|Any CPU.Build.0 = AppStore|iPhone
		{41734EDE-0F3D-4FBB-9CB7-F724E541447E}.AppStore|Any CPU.Deploy.0 = AppStore|iPhone
		{41734EDE-0F3D-4FBB-9CB7-F724E541447E}.AppStore|ARM.ActiveCfg = AppStore|iPhone
		{41734EDE-0F3D-4FBB-9CB7-F724E541447E}.AppStore|ARM.Build.0 = AppStore|iPhone
		{41734EDE-0F3D-4FBB-9CB7-F724E541447E}.AppStore|ARM.Deploy.0 = AppStore|iPhone
		{41734EDE-0F3D-4FBB-9CB7-F724E541447E}.AppStore|iPhone.ActiveCfg = AppStore|iPhone
		{41734EDE-0F3D-4FBB-9CB7-F724E541447E}.AppStore|iPhone.Build.0 = AppStore|iPhone
		{41734EDE-0F3D-4FBB-9CB7-F724E541447E}.AppStore|iPhone.Deploy.0 = AppStore|iPhone
		{41734EDE-0F3D-4FBB-9CB7-F724E541447E}.AppStore|iPhoneSimulator.ActiveCfg = AppStore|iPhoneSimulator
		{41734EDE-0F3D-4FBB-9CB7-F724E541447E}.AppStore|iPhoneSimulator.Build.0 = AppStore|iPhoneSimulator
		{41734EDE-0F3D-4FBB-9CB7-F724E541447E}.AppStore|iPhoneSimulator.Deploy.0 = AppStore|iPhoneSimulator
		{41734EDE-0F3D-4FBB-9CB7-F724E541447E}.AppStore|x64.ActiveCfg = AppStore|iPhone
		{41734EDE-0F3D-4FBB-9CB7-F724E541447E}.AppStore|x64.Build.0 = AppStore|iPhone
		{41734EDE-0F3D-4FBB-9CB7-F724E541447E}.AppStore|x64.Deploy.0 = AppStore|iPhone
		{41734EDE-0F3D-4FBB-9CB7-F724E541447E}.AppStore|x86.ActiveCfg = AppStore|iPhone
		{41734EDE-0F3D-4FBB-9CB7-F724E541447E}.AppStore|x86.Build.0 = AppStore|iPhone
		{41734EDE-0F3D-4FBB-9CB7-F724E541447E}.AppStore|x86.Deploy.0 = AppStore|iPhone
		{41734EDE-0F3D-4FBB-9CB7-F724E541447E}.Debug|Any CPU.ActiveCfg = Debug|iPhoneSimulator
		{41734EDE-0F3D-4FBB-9CB7-F724E541447E}.Debug|Any CPU.Build.0 = Debug|iPhoneSimulator
		{41734EDE-0F3D-4FBB-9CB7-F724E541447E}.Debug|Any CPU.Deploy.0 = Debug|iPhoneSimulator
		{41734EDE-0F3D-4FBB-9CB7-F724E541447E}.Debug|ARM.ActiveCfg = Debug|iPhone
		{41734EDE-0F3D-4FBB-9CB7-F724E541447E}.Debug|ARM.Build.0 = Debug|iPhone
		{41734EDE-0F3D-4FBB-9CB7-F724E541447E}.Debug|ARM.Deploy.0 = Debug|iPhone
		{41734EDE-0F3D-4FBB-9CB7-F724E541447E}.Debug|iPhone.ActiveCfg = Debug|iPhone
		{41734EDE-0F3D-4FBB-9CB7-F724E541447E}.Debug|iPhone.Build.0 = Debug|iPhone
		{41734EDE-0F3D-4FBB-9CB7-F724E541447E}.Debug|iPhone.Deploy.0 = Debug|iPhone
		{41734EDE-0F3D-4FBB-9CB7-F724E541447E}.Debug|iPhoneSimulator.ActiveCfg = Debug|iPhoneSimulator
		{41734EDE-0F3D-4FBB-9CB7-F724E541447E}.Debug|iPhoneSimulator.Build.0 = Debug|iPhoneSimulator
		{41734EDE-0F3D-4FBB-9CB7-F724E541447E}.Debug|iPhoneSimulator.Deploy.0 = Debug|iPhoneSimulator
		{41734EDE-0F3D-4FBB-9CB7-F724E541447E}.Debug|x64.ActiveCfg = Debug|iPhone
		{41734EDE-0F3D-4FBB-9CB7-F724E541447E}.Debug|x64.Build.0 = Debug|iPhone
		{41734EDE-0F3D-4FBB-9CB7-F724E541447E}.Debug|x64.Deploy.0 = Debug|iPhone
		{41734EDE-0F3D-4FBB-9CB7-F724E541447E}.Debug|x86.ActiveCfg = Debug|iPhone
		{41734EDE-0F3D-4FBB-9CB7-F724E541447E}.Debug|x86.Build.0 = Debug|iPhone
		{41734EDE-0F3D-4FBB-9CB7-F724E541447E}.Debug|x86.Deploy.0 = Debug|iPhone
		{41734EDE-0F3D-4FBB-9CB7-F724E541447E}.Release|Any CPU.ActiveCfg = Release|iPhone
		{41734EDE-0F3D-4FBB-9CB7-F724E541447E}.Release|Any CPU.Build.0 = Release|iPhone
		{41734EDE-0F3D-4FBB-9CB7-F724E541447E}.Release|Any CPU.Deploy.0 = Release|iPhone
		{41734EDE-0F3D-4FBB-9CB7-F724E541447E}.Release|ARM.ActiveCfg = Release|iPhone
		{41734EDE-0F3D-4FBB-9CB7-F724E541447E}.Release|ARM.Build.0 = Release|iPhone
		{41734EDE-0F3D-4FBB-9CB7-F724E541447E}.Release|ARM.Deploy.0 = Release|iPhone
		{41734EDE-0F3D-4FBB-9CB7-F724E541447E}.Release|iPhone.ActiveCfg = Release|iPhone
		{41734EDE-0F3D-4FBB-9CB7-F724E541447E}.Release|iPhone.Build.0 = Release|iPhone
		{41734EDE-0F3D-4FBB-9CB7-F724E541447E}.Release|iPhone.Deploy.0 = Release|iPhone
		{41734EDE-0F3D-4FBB-9CB7-F724E541447E}.Release|iPhoneSimulator.ActiveCfg = Release|iPhoneSimulator
		{41734EDE-0F3D-4FBB-9CB7-F724E541447E}.Release|iPhoneSimulator.Build.0 = Release|iPhoneSimulator
		{41734EDE-0F3D-4FBB-9CB7-F724E541447E}.Release|iPhoneSimulator.Deploy.0 = Release|iPhoneSimulator
		{41734EDE-0F3D-4FBB-9CB7-F724E541447E}.Release|x64.ActiveCfg = Release|iPhone
		{41734EDE-0F3D-4FBB-9CB7-F724E541447E}.Release|x64.Build.0 = Release|iPhone
		{41734EDE-0F3D-4FBB-9CB7-F724E541447E}.Release|x64.Deploy.0 = Release|iPhone
		{41734EDE-0F3D-4FBB-9CB7-F724E541447E}.Release|x86.ActiveCfg = Release|iPhone
		{41734EDE-0F3D-4FBB-9CB7-F724E541447E}.Release|x86.Build.0 = Release|iPhone
		{41734EDE-0F3D-4FBB-9CB7-F724E541447E}.Release|x86.Deploy.0 = Release|iPhone
		{C78E8797-81A6-40C9-9FE7-ED444A7D12F8}.Ad-Hoc|Any CPU.ActiveCfg = Release|x86
		{C78E8797-81A6-40C9-9FE7-ED444A7D12F8}.Ad-Hoc|Any CPU.Build.0 = Release|x86
		{C78E8797-81A6-40C9-9FE7-ED444A7D12F8}.Ad-Hoc|Any CPU.Deploy.0 = Release|x86
		{C78E8797-81A6-40C9-9FE7-ED444A7D12F8}.Ad-Hoc|ARM.ActiveCfg = Release|ARM
		{C78E8797-81A6-40C9-9FE7-ED444A7D12F8}.Ad-Hoc|ARM.Build.0 = Release|ARM
		{C78E8797-81A6-40C9-9FE7-ED444A7D12F8}.Ad-Hoc|ARM.Deploy.0 = Release|ARM
		{C78E8797-81A6-40C9-9FE7-ED444A7D12F8}.Ad-Hoc|iPhone.ActiveCfg = Release|x86
		{C78E8797-81A6-40C9-9FE7-ED444A7D12F8}.Ad-Hoc|iPhone.Build.0 = Release|x86
		{C78E8797-81A6-40C9-9FE7-ED444A7D12F8}.Ad-Hoc|iPhone.Deploy.0 = Release|x86
		{C78E8797-81A6-40C9-9FE7-ED444A7D12F8}.Ad-Hoc|iPhoneSimulator.ActiveCfg = Release|x86
		{C78E8797-81A6-40C9-9FE7-ED444A7D12F8}.Ad-Hoc|iPhoneSimulator.Build.0 = Release|x86
		{C78E8797-81A6-40C9-9FE7-ED444A7D12F8}.Ad-Hoc|iPhoneSimulator.Deploy.0 = Release|x86
		{C78E8797-81A6-40C9-9FE7-ED444A7D12F8}.Ad-Hoc|x64.ActiveCfg = Release|x64
		{C78E8797-81A6-40C9-9FE7-ED444A7D12F8}.Ad-Hoc|x64.Build.0 = Release|x64
		{C78E8797-81A6-40C9-9FE7-ED444A7D12F8}.Ad-Hoc|x64.Deploy.0 = Release|x64
		{C78E8797-81A6-40C9-9FE7-ED444A7D12F8}.Ad-Hoc|x86.ActiveCfg = Release|x86
		{C78E8797-81A6-40C9-9FE7-ED444A7D12F8}.Ad-Hoc|x86.Build.0 = Release|x86
		{C78E8797-81A6-40C9-9FE7-ED444A7D12F8}.Ad-Hoc|x86.Deploy.0 = Release|x86
		{C78E8797-81A6-40C9-9FE7-ED444A7D12F8}.AppStore|Any CPU.ActiveCfg = Release|x86
		{C78E8797-81A6-40C9-9FE7-ED444A7D12F8}.AppStore|Any CPU.Build.0 = Release|x86
		{C78E8797-81A6-40C9-9FE7-ED444A7D12F8}.AppStore|Any CPU.Deploy.0 = Release|x86
		{C78E8797-81A6-40C9-9FE7-ED444A7D12F8}.AppStore|ARM.ActiveCfg = Release|ARM
		{C78E8797-81A6-40C9-9FE7-ED444A7D12F8}.AppStore|ARM.Build.0 = Release|ARM
		{C78E8797-81A6-40C9-9FE7-ED444A7D12F8}.AppStore|ARM.Deploy.0 = Release|ARM
		{C78E8797-81A6-40C9-9FE7-ED444A7D12F8}.AppStore|iPhone.ActiveCfg = Release|x86
		{C78E8797-81A6-40C9-9FE7-ED444A7D12F8}.AppStore|iPhone.Build.0 = Release|x86
		{C78E8797-81A6-40C9-9FE7-ED444A7D12F8}.AppStore|iPhone.Deploy.0 = Release|x86
		{C78E8797-81A6-40C9-9FE7-ED444A7D12F8}.AppStore|iPhoneSimulator.ActiveCfg = Release|x86
		{C78E8797-81A6-40C9-9FE7-ED444A7D12F8}.AppStore|iPhoneSimulator.Build.0 = Release|x86
		{C78E8797-81A6-40C9-9FE7-ED444A7D12F8}.AppStore|iPhoneSimulator.Deploy.0 = Release|x86
		{C78E8797-81A6-40C9-9FE7-ED444A7D12F8}.AppStore|x64.ActiveCfg = Release|x64
		{C78E8797-81A6-40C9-9FE7-ED444A7D12F8}.AppStore|x64.Build.0 = Release|x64
		{C78E8797-81A6-40C9-9FE7-ED444A7D12F8}.AppStore|x64.Deploy.0 = Release|x64
		{C78E8797-81A6-40C9-9FE7-ED444A7D12F8}.AppStore|x86.ActiveCfg = Release|x86
		{C78E8797-81A6-40C9-9FE7-ED444A7D12F8}.AppStore|x86.Build.0 = Release|x86
		{C78E8797-81A6-40C9-9FE7-ED444A7D12F8}.AppStore|x86.Deploy.0 = Release|x86
		{C78E8797-81A6-40C9-9FE7-ED444A7D12F8}.Debug|Any CPU.ActiveCfg = Debug|x86
		{C78E8797-81A6-40C9-9FE7-ED444A7D12F8}.Debug|Any CPU.Build.0 = Debug|x86
		{C78E8797-81A6-40C9-9FE7-ED444A7D12F8}.Debug|Any CPU.Deploy.0 = Debug|x86
		{C78E8797-81A6-40C9-9FE7-ED444A7D12F8}.Debug|ARM.ActiveCfg = Debug|ARM
		{C78E8797-81A6-40C9-9FE7-ED444A7D12F8}.Debug|ARM.Build.0 = Debug|ARM
		{C78E8797-81A6-40C9-9FE7-ED444A7D12F8}.Debug|ARM.Deploy.0 = Debug|ARM
		{C78E8797-81A6-40C9-9FE7-ED444A7D12F8}.Debug|iPhone.ActiveCfg = Debug|x86
		{C78E8797-81A6-40C9-9FE7-ED444A7D12F8}.Debug|iPhone.Build.0 = Debug|x86
		{C78E8797-81A6-40C9-9FE7-ED444A7D12F8}.Debug|iPhone.Deploy.0 = Debug|x86
		{C78E8797-81A6-40C9-9FE7-ED444A7D12F8}.Debug|iPhoneSimulator.ActiveCfg = Debug|x86
		{C78E8797-81A6-40C9-9FE7-ED444A7D12F8}.Debug|iPhoneSimulator.Build.0 = Debug|x86
		{C78E8797-81A6-40C9-9FE7-ED444A7D12F8}.Debug|iPhoneSimulator.Deploy.0 = Debug|x86
		{C78E8797-81A6-40C9-9FE7-ED444A7D12F8}.Debug|x64.ActiveCfg = Debug|x64
		{C78E8797-81A6-40C9-9FE7-ED444A7D12F8}.Debug|x64.Build.0 = Debug|x64
		{C78E8797-81A6-40C9-9FE7-ED444A7D12F8}.Debug|x64.Deploy.0 = Debug|x64
		{C78E8797-81A6-40C9-9FE7-ED444A7D12F8}.Debug|x86.ActiveCfg = Debug|x86
		{C78E8797-81A6-40C9-9FE7-ED444A7D12F8}.Debug|x86.Build.0 = Debug|x86
		{C78E8797-81A6-40C9-9FE7-ED444A7D12F8}.Debug|x86.Deploy.0 = Debug|x86
		{C78E8797-81A6-40C9-9FE7-ED444A7D12F8}.Release|Any CPU.ActiveCfg = Release|x86
		{C78E8797-81A6-40C9-9FE7-ED444A7D12F8}.Release|Any CPU.Build.0 = Release|x86
		{C78E8797-81A6-40C9-9FE7-ED444A7D12F8}.Release|Any CPU.Deploy.0 = Release|x86
		{C78E8797-81A6-40C9-9FE7-ED444A7D12F8}.Release|ARM.ActiveCfg = Release|ARM
		{C78E8797-81A6-40C9-9FE7-ED444A7D12F8}.Release|ARM.Build.0 = Release|ARM
		{C78E8797-81A6-40C9-9FE7-ED444A7D12F8}.Release|ARM.Deploy.0 = Release|ARM
		{C78E8797-81A6-40C9-9FE7-ED444A7D12F8}.Release|iPhone.ActiveCfg = Release|x86
		{C78E8797-81A6-40C9-9FE7-ED444A7D12F8}.Release|iPhone.Build.0 = Release|x86
		{C78E8797-81A6-40C9-9FE7-ED444A7D12F8}.Release|iPhone.Deploy.0 = Release|x86
		{C78E8797-81A6-40C9-9FE7-ED444A7D12F8}.Release|iPhoneSimulator.ActiveCfg = Release|x86
		{C78E8797-81A6-40C9-9FE7-ED444A7D12F8}.Release|iPhoneSimulator.Build.0 = Release|x86
		{C78E8797-81A6-40C9-9FE7-ED444A7D12F8}.Release|iPhoneSimulator.Deploy.0 = Release|x86
		{C78E8797-81A6-40C9-9FE7-ED444A7D12F8}.Release|x64.ActiveCfg = Release|x64
		{C78E8797-81A6-40C9-9FE7-ED444A7D12F8}.Release|x64.Build.0 = Release|x64
		{C78E8797-81A6-40C9-9FE7-ED444A7D12F8}.Release|x64.Deploy.0 = Release|x64
		{C78E8797-81A6-40C9-9FE7-ED444A7D12F8}.Release|x86.ActiveCfg = Release|x86
		{C78E8797-81A6-40C9-9FE7-ED444A7D12F8}.Release|x86.Build.0 = Release|x86
		{C78E8797-81A6-40C9-9FE7-ED444A7D12F8}.Release|x86.Deploy.0 = Release|x86
		{26911AA1-B0F7-4C10-AB81-5634AEFA1E4C}.Ad-Hoc|Any CPU.ActiveCfg = Debug|Any CPU
		{26911AA1-B0F7-4C10-AB81-5634AEFA1E4C}.Ad-Hoc|Any CPU.Build.0 = Debug|Any CPU
		{26911AA1-B0F7-4C10-AB81-5634AEFA1E4C}.Ad-Hoc|Any CPU.Deploy.0 = Debug|Any CPU
		{26911AA1-B0F7-4C10-AB81-5634AEFA1E4C}.Ad-Hoc|ARM.ActiveCfg = Debug|Any CPU
		{26911AA1-B0F7-4C10-AB81-5634AEFA1E4C}.Ad-Hoc|ARM.Build.0 = Debug|Any CPU
		{26911AA1-B0F7-4C10-AB81-5634AEFA1E4C}.Ad-Hoc|ARM.Deploy.0 = Debug|Any CPU
		{26911AA1-B0F7-4C10-AB81-5634AEFA1E4C}.Ad-Hoc|iPhone.ActiveCfg = Debug|Any CPU
		{26911AA1-B0F7-4C10-AB81-5634AEFA1E4C}.Ad-Hoc|iPhone.Build.0 = Debug|Any CPU
		{26911AA1-B0F7-4C10-AB81-5634AEFA1E4C}.Ad-Hoc|iPhone.Deploy.0 = Debug|Any CPU
		{26911AA1-B0F7-4C10-AB81-5634AEFA1E4C}.Ad-Hoc|iPhoneSimulator.ActiveCfg = Debug|Any CPU
		{26911AA1-B0F7-4C10-AB81-5634AEFA1E4C}.Ad-Hoc|iPhoneSimulator.Build.0 = Debug|Any CPU
		{26911AA1-B0F7-4C10-AB81-5634AEFA1E4C}.Ad-Hoc|iPhoneSimulator.Deploy.0 = Debug|Any CPU
		{26911AA1-B0F7-4C10-AB81-5634AEFA1E4C}.Ad-Hoc|x64.ActiveCfg = Debug|Any CPU
		{26911AA1-B0F7-4C10-AB81-5634AEFA1E4C}.Ad-Hoc|x64.Build.0 = Debug|Any CPU
		{26911AA1-B0F7-4C10-AB81-5634AEFA1E4C}.Ad-Hoc|x64.Deploy.0 = Debug|Any CPU
		{26911AA1-B0F7-4C10-AB81-5634AEFA1E4C}.Ad-Hoc|x86.ActiveCfg = Debug|Any CPU
		{26911AA1-B0F7-4C10-AB81-5634AEFA1E4C}.Ad-Hoc|x86.Build.0 = Debug|Any CPU
		{26911AA1-B0F7-4C10-AB81-5634AEFA1E4C}.Ad-Hoc|x86.Deploy.0 = Debug|Any CPU
		{26911AA1-B0F7-4C10-AB81-5634AEFA1E4C}.AppStore|Any CPU.ActiveCfg = Debug|Any CPU
		{26911AA1-B0F7-4C10-AB81-5634AEFA1E4C}.AppStore|Any CPU.Build.0 = Debug|Any CPU
		{26911AA1-B0F7-4C10-AB81-5634AEFA1E4C}.AppStore|Any CPU.Deploy.0 = Debug|Any CPU
		{26911AA1-B0F7-4C10-AB81-5634AEFA1E4C}.AppStore|ARM.ActiveCfg = Debug|Any CPU
		{26911AA1-B0F7-4C10-AB81-5634AEFA1E4C}.AppStore|ARM.Build.0 = Debug|Any CPU
		{26911AA1-B0F7-4C10-AB81-5634AEFA1E4C}.AppStore|ARM.Deploy.0 = Debug|Any CPU
		{26911AA1-B0F7-4C10-AB81-5634AEFA1E4C}.AppStore|iPhone.ActiveCfg = Debug|Any CPU
		{26911AA1-B0F7-4C10-AB81-5634AEFA1E4C}.AppStore|iPhone.Build.0 = Debug|Any CPU
		{26911AA1-B0F7-4C10-AB81-5634AEFA1E4C}.AppStore|iPhone.Deploy.0 = Debug|Any CPU
		{26911AA1-B0F7-4C10-AB81-5634AEFA1E4C}.AppStore|iPhoneSimulator.ActiveCfg = Debug|Any CPU
		{26911AA1-B0F7-4C10-AB81-5634AEFA1E4C}.AppStore|iPhoneSimulator.Build.0 = Debug|Any CPU
		{26911AA1-B0F7-4C10-AB81-5634AEFA1E4C}.AppStore|iPhoneSimulator.Deploy.0 = Debug|Any CPU
		{26911AA1-B0F7-4C10-AB81-5634AEFA1E4C}.AppStore|x64.ActiveCfg = Debug|Any CPU
		{26911AA1-B0F7-4C10-AB81-5634AEFA1E4C}.AppStore|x64.Build.0 = Debug|Any CPU
		{26911AA1-B0F7-4C10-AB81-5634AEFA1E4C}.AppStore|x64.Deploy.0 = Debug|Any CPU
		{26911AA1-B0F7-4C10-AB81-5634AEFA1E4C}.AppStore|x86.ActiveCfg = Debug|Any CPU
		{26911AA1-B0F7-4C10-AB81-5634AEFA1E4C}.AppStore|x86.Build.0 = Debug|Any CPU
		{26911AA1-B0F7-4C10-AB81-5634AEFA1E4C}.AppStore|x86.Deploy.0 = Debug|Any CPU
		{26911AA1-B0F7-4C10-AB81-5634AEFA1E4C}.Debug|Any CPU.ActiveCfg = Debug|Any CPU
		{26911AA1-B0F7-4C10-AB81-5634AEFA1E4C}.Debug|Any CPU.Build.0 = Debug|Any CPU
		{26911AA1-B0F7-4C10-AB81-5634AEFA1E4C}.Debug|Any CPU.Deploy.0 = Debug|Any CPU
		{26911AA1-B0F7-4C10-AB81-5634AEFA1E4C}.Debug|ARM.ActiveCfg = Debug|Any CPU
		{26911AA1-B0F7-4C10-AB81-5634AEFA1E4C}.Debug|ARM.Build.0 = Debug|Any CPU
		{26911AA1-B0F7-4C10-AB81-5634AEFA1E4C}.Debug|ARM.Deploy.0 = Debug|Any CPU
		{26911AA1-B0F7-4C10-AB81-5634AEFA1E4C}.Debug|iPhone.ActiveCfg = Debug|Any CPU
		{26911AA1-B0F7-4C10-AB81-5634AEFA1E4C}.Debug|iPhone.Build.0 = Debug|Any CPU
		{26911AA1-B0F7-4C10-AB81-5634AEFA1E4C}.Debug|iPhone.Deploy.0 = Debug|Any CPU
		{26911AA1-B0F7-4C10-AB81-5634AEFA1E4C}.Debug|iPhoneSimulator.ActiveCfg = Debug|Any CPU
		{26911AA1-B0F7-4C10-AB81-5634AEFA1E4C}.Debug|iPhoneSimulator.Build.0 = Debug|Any CPU
		{26911AA1-B0F7-4C10-AB81-5634AEFA1E4C}.Debug|iPhoneSimulator.Deploy.0 = Debug|Any CPU
		{26911AA1-B0F7-4C10-AB81-5634AEFA1E4C}.Debug|x64.ActiveCfg = Debug|Any CPU
		{26911AA1-B0F7-4C10-AB81-5634AEFA1E4C}.Debug|x64.Build.0 = Debug|Any CPU
		{26911AA1-B0F7-4C10-AB81-5634AEFA1E4C}.Debug|x64.Deploy.0 = Debug|Any CPU
		{26911AA1-B0F7-4C10-AB81-5634AEFA1E4C}.Debug|x86.ActiveCfg = Debug|Any CPU
		{26911AA1-B0F7-4C10-AB81-5634AEFA1E4C}.Debug|x86.Build.0 = Debug|Any CPU
		{26911AA1-B0F7-4C10-AB81-5634AEFA1E4C}.Debug|x86.Deploy.0 = Debug|Any CPU
		{26911AA1-B0F7-4C10-AB81-5634AEFA1E4C}.Release|Any CPU.ActiveCfg = Release|Any CPU
		{26911AA1-B0F7-4C10-AB81-5634AEFA1E4C}.Release|Any CPU.Build.0 = Release|Any CPU
		{26911AA1-B0F7-4C10-AB81-5634AEFA1E4C}.Release|Any CPU.Deploy.0 = Release|Any CPU
		{26911AA1-B0F7-4C10-AB81-5634AEFA1E4C}.Release|ARM.ActiveCfg = Release|Any CPU
		{26911AA1-B0F7-4C10-AB81-5634AEFA1E4C}.Release|ARM.Build.0 = Release|Any CPU
		{26911AA1-B0F7-4C10-AB81-5634AEFA1E4C}.Release|ARM.Deploy.0 = Release|Any CPU
		{26911AA1-B0F7-4C10-AB81-5634AEFA1E4C}.Release|iPhone.ActiveCfg = Release|Any CPU
		{26911AA1-B0F7-4C10-AB81-5634AEFA1E4C}.Release|iPhone.Build.0 = Release|Any CPU
		{26911AA1-B0F7-4C10-AB81-5634AEFA1E4C}.Release|iPhone.Deploy.0 = Release|Any CPU
		{26911AA1-B0F7-4C10-AB81-5634AEFA1E4C}.Release|iPhoneSimulator.ActiveCfg = Release|Any CPU
		{26911AA1-B0F7-4C10-AB81-5634AEFA1E4C}.Release|iPhoneSimulator.Build.0 = Release|Any CPU
		{26911AA1-B0F7-4C10-AB81-5634AEFA1E4C}.Release|iPhoneSimulator.Deploy.0 = Release|Any CPU
		{26911AA1-B0F7-4C10-AB81-5634AEFA1E4C}.Release|x64.ActiveCfg = Release|Any CPU
		{26911AA1-B0F7-4C10-AB81-5634AEFA1E4C}.Release|x64.Build.0 = Release|Any CPU
		{26911AA1-B0F7-4C10-AB81-5634AEFA1E4C}.Release|x64.Deploy.0 = Release|Any CPU
		{26911AA1-B0F7-4C10-AB81-5634AEFA1E4C}.Release|x86.ActiveCfg = Release|Any CPU
		{26911AA1-B0F7-4C10-AB81-5634AEFA1E4C}.Release|x86.Build.0 = Release|Any CPU
		{26911AA1-B0F7-4C10-AB81-5634AEFA1E4C}.Release|x86.Deploy.0 = Release|Any CPU
		{38F93916-B46C-4113-8A22-392E316F9B30}.Ad-Hoc|Any CPU.ActiveCfg = Release|Any CPU
		{38F93916-B46C-4113-8A22-392E316F9B30}.Ad-Hoc|Any CPU.Build.0 = Release|Any CPU
		{38F93916-B46C-4113-8A22-392E316F9B30}.Ad-Hoc|ARM.ActiveCfg = Release|Any CPU
		{38F93916-B46C-4113-8A22-392E316F9B30}.Ad-Hoc|ARM.Build.0 = Release|Any CPU
		{38F93916-B46C-4113-8A22-392E316F9B30}.Ad-Hoc|iPhone.ActiveCfg = Release|Any CPU
		{38F93916-B46C-4113-8A22-392E316F9B30}.Ad-Hoc|iPhone.Build.0 = Release|Any CPU
		{38F93916-B46C-4113-8A22-392E316F9B30}.Ad-Hoc|iPhoneSimulator.ActiveCfg = Release|Any CPU
		{38F93916-B46C-4113-8A22-392E316F9B30}.Ad-Hoc|iPhoneSimulator.Build.0 = Release|Any CPU
		{38F93916-B46C-4113-8A22-392E316F9B30}.Ad-Hoc|x64.ActiveCfg = Release|Any CPU
		{38F93916-B46C-4113-8A22-392E316F9B30}.Ad-Hoc|x64.Build.0 = Release|Any CPU
		{38F93916-B46C-4113-8A22-392E316F9B30}.Ad-Hoc|x86.ActiveCfg = Release|Any CPU
		{38F93916-B46C-4113-8A22-392E316F9B30}.Ad-Hoc|x86.Build.0 = Release|Any CPU
		{38F93916-B46C-4113-8A22-392E316F9B30}.AppStore|Any CPU.ActiveCfg = Release|Any CPU
		{38F93916-B46C-4113-8A22-392E316F9B30}.AppStore|Any CPU.Build.0 = Release|Any CPU
		{38F93916-B46C-4113-8A22-392E316F9B30}.AppStore|ARM.ActiveCfg = Release|Any CPU
		{38F93916-B46C-4113-8A22-392E316F9B30}.AppStore|ARM.Build.0 = Release|Any CPU
		{38F93916-B46C-4113-8A22-392E316F9B30}.AppStore|iPhone.ActiveCfg = Release|Any CPU
		{38F93916-B46C-4113-8A22-392E316F9B30}.AppStore|iPhone.Build.0 = Release|Any CPU
		{38F93916-B46C-4113-8A22-392E316F9B30}.AppStore|iPhoneSimulator.ActiveCfg = Release|Any CPU
		{38F93916-B46C-4113-8A22-392E316F9B30}.AppStore|iPhoneSimulator.Build.0 = Release|Any CPU
		{38F93916-B46C-4113-8A22-392E316F9B30}.AppStore|x64.ActiveCfg = Release|Any CPU
		{38F93916-B46C-4113-8A22-392E316F9B30}.AppStore|x64.Build.0 = Release|Any CPU
		{38F93916-B46C-4113-8A22-392E316F9B30}.AppStore|x86.ActiveCfg = Release|Any CPU
		{38F93916-B46C-4113-8A22-392E316F9B30}.AppStore|x86.Build.0 = Release|Any CPU
		{38F93916-B46C-4113-8A22-392E316F9B30}.Debug|Any CPU.ActiveCfg = Debug|Any CPU
		{38F93916-B46C-4113-8A22-392E316F9B30}.Debug|Any CPU.Build.0 = Debug|Any CPU
		{38F93916-B46C-4113-8A22-392E316F9B30}.Debug|ARM.ActiveCfg = Debug|Any CPU
		{38F93916-B46C-4113-8A22-392E316F9B30}.Debug|ARM.Build.0 = Debug|Any CPU
		{38F93916-B46C-4113-8A22-392E316F9B30}.Debug|iPhone.ActiveCfg = Debug|Any CPU
		{38F93916-B46C-4113-8A22-392E316F9B30}.Debug|iPhone.Build.0 = Debug|Any CPU
		{38F93916-B46C-4113-8A22-392E316F9B30}.Debug|iPhoneSimulator.ActiveCfg = Debug|Any CPU
		{38F93916-B46C-4113-8A22-392E316F9B30}.Debug|iPhoneSimulator.Build.0 = Debug|Any CPU
		{38F93916-B46C-4113-8A22-392E316F9B30}.Debug|x64.ActiveCfg = Debug|Any CPU
		{38F93916-B46C-4113-8A22-392E316F9B30}.Debug|x64.Build.0 = Debug|Any CPU
		{38F93916-B46C-4113-8A22-392E316F9B30}.Debug|x86.ActiveCfg = Debug|Any CPU
		{38F93916-B46C-4113-8A22-392E316F9B30}.Debug|x86.Build.0 = Debug|Any CPU
		{38F93916-B46C-4113-8A22-392E316F9B30}.Release|Any CPU.ActiveCfg = Release|Any CPU
		{38F93916-B46C-4113-8A22-392E316F9B30}.Release|Any CPU.Build.0 = Release|Any CPU
		{38F93916-B46C-4113-8A22-392E316F9B30}.Release|ARM.ActiveCfg = Release|Any CPU
		{38F93916-B46C-4113-8A22-392E316F9B30}.Release|ARM.Build.0 = Release|Any CPU
		{38F93916-B46C-4113-8A22-392E316F9B30}.Release|iPhone.ActiveCfg = Release|Any CPU
		{38F93916-B46C-4113-8A22-392E316F9B30}.Release|iPhone.Build.0 = Release|Any CPU
		{38F93916-B46C-4113-8A22-392E316F9B30}.Release|iPhoneSimulator.ActiveCfg = Release|Any CPU
		{38F93916-B46C-4113-8A22-392E316F9B30}.Release|iPhoneSimulator.Build.0 = Release|Any CPU
		{38F93916-B46C-4113-8A22-392E316F9B30}.Release|x64.ActiveCfg = Release|Any CPU
		{38F93916-B46C-4113-8A22-392E316F9B30}.Release|x64.Build.0 = Release|Any CPU
		{38F93916-B46C-4113-8A22-392E316F9B30}.Release|x86.ActiveCfg = Release|Any CPU
		{38F93916-B46C-4113-8A22-392E316F9B30}.Release|x86.Build.0 = Release|Any CPU
		{418585D7-A15D-4CA8-BE26-E42AE395C112}.Ad-Hoc|Any CPU.ActiveCfg = Release|Any CPU
		{418585D7-A15D-4CA8-BE26-E42AE395C112}.Ad-Hoc|Any CPU.Build.0 = Release|Any CPU
		{418585D7-A15D-4CA8-BE26-E42AE395C112}.Ad-Hoc|ARM.ActiveCfg = Release|Any CPU
		{418585D7-A15D-4CA8-BE26-E42AE395C112}.Ad-Hoc|ARM.Build.0 = Release|Any CPU
		{418585D7-A15D-4CA8-BE26-E42AE395C112}.Ad-Hoc|iPhone.ActiveCfg = Release|Any CPU
		{418585D7-A15D-4CA8-BE26-E42AE395C112}.Ad-Hoc|iPhone.Build.0 = Release|Any CPU
		{418585D7-A15D-4CA8-BE26-E42AE395C112}.Ad-Hoc|iPhoneSimulator.ActiveCfg = Release|Any CPU
		{418585D7-A15D-4CA8-BE26-E42AE395C112}.Ad-Hoc|iPhoneSimulator.Build.0 = Release|Any CPU
		{418585D7-A15D-4CA8-BE26-E42AE395C112}.Ad-Hoc|x64.ActiveCfg = Release|Any CPU
		{418585D7-A15D-4CA8-BE26-E42AE395C112}.Ad-Hoc|x64.Build.0 = Release|Any CPU
		{418585D7-A15D-4CA8-BE26-E42AE395C112}.Ad-Hoc|x86.ActiveCfg = Release|Any CPU
		{418585D7-A15D-4CA8-BE26-E42AE395C112}.Ad-Hoc|x86.Build.0 = Release|Any CPU
		{418585D7-A15D-4CA8-BE26-E42AE395C112}.AppStore|Any CPU.ActiveCfg = Release|Any CPU
		{418585D7-A15D-4CA8-BE26-E42AE395C112}.AppStore|Any CPU.Build.0 = Release|Any CPU
		{418585D7-A15D-4CA8-BE26-E42AE395C112}.AppStore|ARM.ActiveCfg = Release|Any CPU
		{418585D7-A15D-4CA8-BE26-E42AE395C112}.AppStore|ARM.Build.0 = Release|Any CPU
		{418585D7-A15D-4CA8-BE26-E42AE395C112}.AppStore|iPhone.ActiveCfg = Release|Any CPU
		{418585D7-A15D-4CA8-BE26-E42AE395C112}.AppStore|iPhone.Build.0 = Release|Any CPU
		{418585D7-A15D-4CA8-BE26-E42AE395C112}.AppStore|iPhoneSimulator.ActiveCfg = Release|Any CPU
		{418585D7-A15D-4CA8-BE26-E42AE395C112}.AppStore|iPhoneSimulator.Build.0 = Release|Any CPU
		{418585D7-A15D-4CA8-BE26-E42AE395C112}.AppStore|x64.ActiveCfg = Release|Any CPU
		{418585D7-A15D-4CA8-BE26-E42AE395C112}.AppStore|x64.Build.0 = Release|Any CPU
		{418585D7-A15D-4CA8-BE26-E42AE395C112}.AppStore|x86.ActiveCfg = Release|Any CPU
		{418585D7-A15D-4CA8-BE26-E42AE395C112}.AppStore|x86.Build.0 = Release|Any CPU
		{418585D7-A15D-4CA8-BE26-E42AE395C112}.Debug|Any CPU.ActiveCfg = Debug|Any CPU
		{418585D7-A15D-4CA8-BE26-E42AE395C112}.Debug|Any CPU.Build.0 = Debug|Any CPU
		{418585D7-A15D-4CA8-BE26-E42AE395C112}.Debug|ARM.ActiveCfg = Debug|Any CPU
		{418585D7-A15D-4CA8-BE26-E42AE395C112}.Debug|ARM.Build.0 = Debug|Any CPU
		{418585D7-A15D-4CA8-BE26-E42AE395C112}.Debug|iPhone.ActiveCfg = Debug|Any CPU
		{418585D7-A15D-4CA8-BE26-E42AE395C112}.Debug|iPhone.Build.0 = Debug|Any CPU
		{418585D7-A15D-4CA8-BE26-E42AE395C112}.Debug|iPhoneSimulator.ActiveCfg = Debug|Any CPU
		{418585D7-A15D-4CA8-BE26-E42AE395C112}.Debug|iPhoneSimulator.Build.0 = Debug|Any CPU
		{418585D7-A15D-4CA8-BE26-E42AE395C112}.Debug|x64.ActiveCfg = Debug|Any CPU
		{418585D7-A15D-4CA8-BE26-E42AE395C112}.Debug|x64.Build.0 = Debug|Any CPU
		{418585D7-A15D-4CA8-BE26-E42AE395C112}.Debug|x86.ActiveCfg = Debug|Any CPU
		{418585D7-A15D-4CA8-BE26-E42AE395C112}.Debug|x86.Build.0 = Debug|Any CPU
		{418585D7-A15D-4CA8-BE26-E42AE395C112}.Release|Any CPU.ActiveCfg = Release|Any CPU
		{418585D7-A15D-4CA8-BE26-E42AE395C112}.Release|Any CPU.Build.0 = Release|Any CPU
		{418585D7-A15D-4CA8-BE26-E42AE395C112}.Release|ARM.ActiveCfg = Release|Any CPU
		{418585D7-A15D-4CA8-BE26-E42AE395C112}.Release|ARM.Build.0 = Release|Any CPU
		{418585D7-A15D-4CA8-BE26-E42AE395C112}.Release|iPhone.ActiveCfg = Release|Any CPU
		{418585D7-A15D-4CA8-BE26-E42AE395C112}.Release|iPhone.Build.0 = Release|Any CPU
		{418585D7-A15D-4CA8-BE26-E42AE395C112}.Release|iPhoneSimulator.ActiveCfg = Release|Any CPU
		{418585D7-A15D-4CA8-BE26-E42AE395C112}.Release|iPhoneSimulator.Build.0 = Release|Any CPU
		{418585D7-A15D-4CA8-BE26-E42AE395C112}.Release|x64.ActiveCfg = Release|Any CPU
		{418585D7-A15D-4CA8-BE26-E42AE395C112}.Release|x64.Build.0 = Release|Any CPU
		{418585D7-A15D-4CA8-BE26-E42AE395C112}.Release|x86.ActiveCfg = Release|Any CPU
		{418585D7-A15D-4CA8-BE26-E42AE395C112}.Release|x86.Build.0 = Release|Any CPU
		{24498E93-E3AC-4918-87AD-677DD2BE3026}.Ad-Hoc|Any CPU.ActiveCfg = Release|Any CPU
		{24498E93-E3AC-4918-87AD-677DD2BE3026}.Ad-Hoc|Any CPU.Build.0 = Release|Any CPU
		{24498E93-E3AC-4918-87AD-677DD2BE3026}.Ad-Hoc|ARM.ActiveCfg = Release|Any CPU
		{24498E93-E3AC-4918-87AD-677DD2BE3026}.Ad-Hoc|ARM.Build.0 = Release|Any CPU
		{24498E93-E3AC-4918-87AD-677DD2BE3026}.Ad-Hoc|iPhone.ActiveCfg = Release|Any CPU
		{24498E93-E3AC-4918-87AD-677DD2BE3026}.Ad-Hoc|iPhone.Build.0 = Release|Any CPU
		{24498E93-E3AC-4918-87AD-677DD2BE3026}.Ad-Hoc|iPhoneSimulator.ActiveCfg = Release|Any CPU
		{24498E93-E3AC-4918-87AD-677DD2BE3026}.Ad-Hoc|iPhoneSimulator.Build.0 = Release|Any CPU
		{24498E93-E3AC-4918-87AD-677DD2BE3026}.Ad-Hoc|x64.ActiveCfg = Release|Any CPU
		{24498E93-E3AC-4918-87AD-677DD2BE3026}.Ad-Hoc|x64.Build.0 = Release|Any CPU
		{24498E93-E3AC-4918-87AD-677DD2BE3026}.Ad-Hoc|x86.ActiveCfg = Release|Any CPU
		{24498E93-E3AC-4918-87AD-677DD2BE3026}.Ad-Hoc|x86.Build.0 = Release|Any CPU
		{24498E93-E3AC-4918-87AD-677DD2BE3026}.AppStore|Any CPU.ActiveCfg = Release|Any CPU
		{24498E93-E3AC-4918-87AD-677DD2BE3026}.AppStore|Any CPU.Build.0 = Release|Any CPU
		{24498E93-E3AC-4918-87AD-677DD2BE3026}.AppStore|ARM.ActiveCfg = Release|Any CPU
		{24498E93-E3AC-4918-87AD-677DD2BE3026}.AppStore|ARM.Build.0 = Release|Any CPU
		{24498E93-E3AC-4918-87AD-677DD2BE3026}.AppStore|iPhone.ActiveCfg = Release|Any CPU
		{24498E93-E3AC-4918-87AD-677DD2BE3026}.AppStore|iPhone.Build.0 = Release|Any CPU
		{24498E93-E3AC-4918-87AD-677DD2BE3026}.AppStore|iPhoneSimulator.ActiveCfg = Release|Any CPU
		{24498E93-E3AC-4918-87AD-677DD2BE3026}.AppStore|iPhoneSimulator.Build.0 = Release|Any CPU
		{24498E93-E3AC-4918-87AD-677DD2BE3026}.AppStore|x64.ActiveCfg = Release|Any CPU
		{24498E93-E3AC-4918-87AD-677DD2BE3026}.AppStore|x64.Build.0 = Release|Any CPU
		{24498E93-E3AC-4918-87AD-677DD2BE3026}.AppStore|x86.ActiveCfg = Release|Any CPU
		{24498E93-E3AC-4918-87AD-677DD2BE3026}.AppStore|x86.Build.0 = Release|Any CPU
		{24498E93-E3AC-4918-87AD-677DD2BE3026}.Debug|Any CPU.ActiveCfg = Debug|Any CPU
		{24498E93-E3AC-4918-87AD-677DD2BE3026}.Debug|Any CPU.Build.0 = Debug|Any CPU
		{24498E93-E3AC-4918-87AD-677DD2BE3026}.Debug|ARM.ActiveCfg = Debug|Any CPU
		{24498E93-E3AC-4918-87AD-677DD2BE3026}.Debug|ARM.Build.0 = Debug|Any CPU
		{24498E93-E3AC-4918-87AD-677DD2BE3026}.Debug|iPhone.ActiveCfg = Debug|Any CPU
		{24498E93-E3AC-4918-87AD-677DD2BE3026}.Debug|iPhone.Build.0 = Debug|Any CPU
		{24498E93-E3AC-4918-87AD-677DD2BE3026}.Debug|iPhoneSimulator.ActiveCfg = Debug|Any CPU
		{24498E93-E3AC-4918-87AD-677DD2BE3026}.Debug|iPhoneSimulator.Build.0 = Debug|Any CPU
		{24498E93-E3AC-4918-87AD-677DD2BE3026}.Debug|x64.ActiveCfg = Debug|Any CPU
		{24498E93-E3AC-4918-87AD-677DD2BE3026}.Debug|x64.Build.0 = Debug|Any CPU
		{24498E93-E3AC-4918-87AD-677DD2BE3026}.Debug|x86.ActiveCfg = Debug|Any CPU
		{24498E93-E3AC-4918-87AD-677DD2BE3026}.Debug|x86.Build.0 = Debug|Any CPU
		{24498E93-E3AC-4918-87AD-677DD2BE3026}.Release|Any CPU.ActiveCfg = Release|Any CPU
		{24498E93-E3AC-4918-87AD-677DD2BE3026}.Release|Any CPU.Build.0 = Release|Any CPU
		{24498E93-E3AC-4918-87AD-677DD2BE3026}.Release|ARM.ActiveCfg = Release|Any CPU
		{24498E93-E3AC-4918-87AD-677DD2BE3026}.Release|ARM.Build.0 = Release|Any CPU
		{24498E93-E3AC-4918-87AD-677DD2BE3026}.Release|iPhone.ActiveCfg = Release|Any CPU
		{24498E93-E3AC-4918-87AD-677DD2BE3026}.Release|iPhone.Build.0 = Release|Any CPU
		{24498E93-E3AC-4918-87AD-677DD2BE3026}.Release|iPhoneSimulator.ActiveCfg = Release|Any CPU
		{24498E93-E3AC-4918-87AD-677DD2BE3026}.Release|iPhoneSimulator.Build.0 = Release|Any CPU
		{24498E93-E3AC-4918-87AD-677DD2BE3026}.Release|x64.ActiveCfg = Release|Any CPU
		{24498E93-E3AC-4918-87AD-677DD2BE3026}.Release|x64.Build.0 = Release|Any CPU
		{24498E93-E3AC-4918-87AD-677DD2BE3026}.Release|x86.ActiveCfg = Release|Any CPU
		{24498E93-E3AC-4918-87AD-677DD2BE3026}.Release|x86.Build.0 = Release|Any CPU
		{AF83D910-1D05-4F48-9E43-DBE4EA966B26}.Ad-Hoc|Any CPU.ActiveCfg = Release|Any CPU
		{AF83D910-1D05-4F48-9E43-DBE4EA966B26}.Ad-Hoc|Any CPU.Build.0 = Release|Any CPU
		{AF83D910-1D05-4F48-9E43-DBE4EA966B26}.Ad-Hoc|ARM.ActiveCfg = Release|Any CPU
		{AF83D910-1D05-4F48-9E43-DBE4EA966B26}.Ad-Hoc|ARM.Build.0 = Release|Any CPU
		{AF83D910-1D05-4F48-9E43-DBE4EA966B26}.Ad-Hoc|iPhone.ActiveCfg = Release|Any CPU
		{AF83D910-1D05-4F48-9E43-DBE4EA966B26}.Ad-Hoc|iPhone.Build.0 = Release|Any CPU
		{AF83D910-1D05-4F48-9E43-DBE4EA966B26}.Ad-Hoc|iPhoneSimulator.ActiveCfg = Release|Any CPU
		{AF83D910-1D05-4F48-9E43-DBE4EA966B26}.Ad-Hoc|iPhoneSimulator.Build.0 = Release|Any CPU
		{AF83D910-1D05-4F48-9E43-DBE4EA966B26}.Ad-Hoc|x64.ActiveCfg = Release|Any CPU
		{AF83D910-1D05-4F48-9E43-DBE4EA966B26}.Ad-Hoc|x64.Build.0 = Release|Any CPU
		{AF83D910-1D05-4F48-9E43-DBE4EA966B26}.Ad-Hoc|x86.ActiveCfg = Release|Any CPU
		{AF83D910-1D05-4F48-9E43-DBE4EA966B26}.Ad-Hoc|x86.Build.0 = Release|Any CPU
		{AF83D910-1D05-4F48-9E43-DBE4EA966B26}.AppStore|Any CPU.ActiveCfg = Release|Any CPU
		{AF83D910-1D05-4F48-9E43-DBE4EA966B26}.AppStore|Any CPU.Build.0 = Release|Any CPU
		{AF83D910-1D05-4F48-9E43-DBE4EA966B26}.AppStore|ARM.ActiveCfg = Release|Any CPU
		{AF83D910-1D05-4F48-9E43-DBE4EA966B26}.AppStore|ARM.Build.0 = Release|Any CPU
		{AF83D910-1D05-4F48-9E43-DBE4EA966B26}.AppStore|iPhone.ActiveCfg = Release|Any CPU
		{AF83D910-1D05-4F48-9E43-DBE4EA966B26}.AppStore|iPhone.Build.0 = Release|Any CPU
		{AF83D910-1D05-4F48-9E43-DBE4EA966B26}.AppStore|iPhoneSimulator.ActiveCfg = Release|Any CPU
		{AF83D910-1D05-4F48-9E43-DBE4EA966B26}.AppStore|iPhoneSimulator.Build.0 = Release|Any CPU
		{AF83D910-1D05-4F48-9E43-DBE4EA966B26}.AppStore|x64.ActiveCfg = Release|Any CPU
		{AF83D910-1D05-4F48-9E43-DBE4EA966B26}.AppStore|x64.Build.0 = Release|Any CPU
		{AF83D910-1D05-4F48-9E43-DBE4EA966B26}.AppStore|x86.ActiveCfg = Release|Any CPU
		{AF83D910-1D05-4F48-9E43-DBE4EA966B26}.AppStore|x86.Build.0 = Release|Any CPU
		{AF83D910-1D05-4F48-9E43-DBE4EA966B26}.Debug|Any CPU.ActiveCfg = Debug|Any CPU
		{AF83D910-1D05-4F48-9E43-DBE4EA966B26}.Debug|Any CPU.Build.0 = Debug|Any CPU
		{AF83D910-1D05-4F48-9E43-DBE4EA966B26}.Debug|ARM.ActiveCfg = Debug|Any CPU
		{AF83D910-1D05-4F48-9E43-DBE4EA966B26}.Debug|ARM.Build.0 = Debug|Any CPU
		{AF83D910-1D05-4F48-9E43-DBE4EA966B26}.Debug|iPhone.ActiveCfg = Debug|Any CPU
		{AF83D910-1D05-4F48-9E43-DBE4EA966B26}.Debug|iPhone.Build.0 = Debug|Any CPU
		{AF83D910-1D05-4F48-9E43-DBE4EA966B26}.Debug|iPhoneSimulator.ActiveCfg = Debug|Any CPU
		{AF83D910-1D05-4F48-9E43-DBE4EA966B26}.Debug|iPhoneSimulator.Build.0 = Debug|Any CPU
		{AF83D910-1D05-4F48-9E43-DBE4EA966B26}.Debug|x64.ActiveCfg = Debug|Any CPU
		{AF83D910-1D05-4F48-9E43-DBE4EA966B26}.Debug|x64.Build.0 = Debug|Any CPU
		{AF83D910-1D05-4F48-9E43-DBE4EA966B26}.Debug|x86.ActiveCfg = Debug|Any CPU
		{AF83D910-1D05-4F48-9E43-DBE4EA966B26}.Debug|x86.Build.0 = Debug|Any CPU
		{AF83D910-1D05-4F48-9E43-DBE4EA966B26}.Release|Any CPU.ActiveCfg = Release|Any CPU
		{AF83D910-1D05-4F48-9E43-DBE4EA966B26}.Release|Any CPU.Build.0 = Release|Any CPU
		{AF83D910-1D05-4F48-9E43-DBE4EA966B26}.Release|ARM.ActiveCfg = Release|Any CPU
		{AF83D910-1D05-4F48-9E43-DBE4EA966B26}.Release|ARM.Build.0 = Release|Any CPU
		{AF83D910-1D05-4F48-9E43-DBE4EA966B26}.Release|iPhone.ActiveCfg = Release|Any CPU
		{AF83D910-1D05-4F48-9E43-DBE4EA966B26}.Release|iPhone.Build.0 = Release|Any CPU
		{AF83D910-1D05-4F48-9E43-DBE4EA966B26}.Release|iPhoneSimulator.ActiveCfg = Release|Any CPU
		{AF83D910-1D05-4F48-9E43-DBE4EA966B26}.Release|iPhoneSimulator.Build.0 = Release|Any CPU
		{AF83D910-1D05-4F48-9E43-DBE4EA966B26}.Release|x64.ActiveCfg = Release|Any CPU
		{AF83D910-1D05-4F48-9E43-DBE4EA966B26}.Release|x64.Build.0 = Release|Any CPU
		{AF83D910-1D05-4F48-9E43-DBE4EA966B26}.Release|x86.ActiveCfg = Release|Any CPU
		{AF83D910-1D05-4F48-9E43-DBE4EA966B26}.Release|x86.Build.0 = Release|Any CPU
	EndGlobalSection
	GlobalSection(SolutionProperties) = preSolution
		HideSolutionNode = FALSE
	EndGlobalSection
	GlobalSection(ExtensibilityGlobals) = postSolution
		SolutionGuid = {F6DD3E80-F492-4BE2-94DB-AB856E92FBCF}
	EndGlobalSection
EndGlobal
